// !$*UTF8*$!
{
	archiveVersion = 1;
	classes = {
	};
	objectVersion = 50;
	objects = {

/* Begin PBXBuildFile section */
		1F3E4D3921F87A260075E6EF /* ViewController.swift in Sources */ = {isa = PBXBuildFile; fileRef = 1F3E4D2821F87A260075E6EF /* ViewController.swift */; };
		1F3E4D3A21F87A260075E6EF /* Assets.xcassets in Resources */ = {isa = PBXBuildFile; fileRef = 1F3E4D2921F87A260075E6EF /* Assets.xcassets */; };
		1F3E4D3B21F87A260075E6EF /* LaunchScreen.storyboard in Resources */ = {isa = PBXBuildFile; fileRef = 1F3E4D2A21F87A260075E6EF /* LaunchScreen.storyboard */; };
		1F3E4D3C21F87A260075E6EF /* Main.storyboard in Resources */ = {isa = PBXBuildFile; fileRef = 1F3E4D2C21F87A260075E6EF /* Main.storyboard */; };
		1F3E4D3D21F87A260075E6EF /* AppDelegate.swift in Sources */ = {isa = PBXBuildFile; fileRef = 1F3E4D2E21F87A260075E6EF /* AppDelegate.swift */; };
		1F3E4D3E21F87A260075E6EF /* Info.plist in Resources */ = {isa = PBXBuildFile; fileRef = 1F3E4D2F21F87A260075E6EF /* Info.plist */; };
		1F3E4D3F21F87A260075E6EF /* CalculatorUITests.swift in Sources */ = {isa = PBXBuildFile; fileRef = 1F3E4D3121F87A260075E6EF /* CalculatorUITests.swift */; };
		1F3E4D4021F87A260075E6EF /* Info.plist in Resources */ = {isa = PBXBuildFile; fileRef = 1F3E4D3221F87A260075E6EF /* Info.plist */; };
		1F3E4D4121F87A260075E6EF /* CalculatorTests.swift in Sources */ = {isa = PBXBuildFile; fileRef = 1F3E4D3721F87A260075E6EF /* CalculatorTests.swift */; };
		1F3E4D4221F87A260075E6EF /* Info.plist in Resources */ = {isa = PBXBuildFile; fileRef = 1F3E4D3821F87A260075E6EF /* Info.plist */; };
		1F63499421F5F9C400F2A5B7 /* AppDelegate.swift in Sources */ = {isa = PBXBuildFile; fileRef = 1F63499321F5F9C400F2A5B7 /* AppDelegate.swift */; };
		1F63499621F5F9C400F2A5B7 /* ViewController.swift in Sources */ = {isa = PBXBuildFile; fileRef = 1F63499521F5F9C400F2A5B7 /* ViewController.swift */; };
		1F63499921F5F9C400F2A5B7 /* Main.storyboard in Resources */ = {isa = PBXBuildFile; fileRef = 1F63499721F5F9C400F2A5B7 /* Main.storyboard */; };
		1F63499B21F5F9C600F2A5B7 /* Assets.xcassets in Resources */ = {isa = PBXBuildFile; fileRef = 1F63499A21F5F9C600F2A5B7 /* Assets.xcassets */; };
		1F63499E21F5F9C600F2A5B7 /* LaunchScreen.storyboard in Resources */ = {isa = PBXBuildFile; fileRef = 1F63499C21F5F9C600F2A5B7 /* LaunchScreen.storyboard */; };
		1F6349A921F5F9C600F2A5B7 /* CalculatorTests.swift in Sources */ = {isa = PBXBuildFile; fileRef = 1F6349A821F5F9C600F2A5B7 /* CalculatorTests.swift */; };
		1F6349B421F5F9C600F2A5B7 /* CalculatorUITests.swift in Sources */ = {isa = PBXBuildFile; fileRef = 1F6349B321F5F9C600F2A5B7 /* CalculatorUITests.swift */; };
/* End PBXBuildFile section */

/* Begin PBXContainerItemProxy section */
		1F6349A521F5F9C600F2A5B7 /* PBXContainerItemProxy */ = {
			isa = PBXContainerItemProxy;
			containerPortal = 1F63498821F5F9C400F2A5B7 /* Project object */;
			proxyType = 1;
			remoteGlobalIDString = 1F63498F21F5F9C400F2A5B7;
			remoteInfo = Calculator;
		};
		1F6349B021F5F9C600F2A5B7 /* PBXContainerItemProxy */ = {
			isa = PBXContainerItemProxy;
			containerPortal = 1F63498821F5F9C400F2A5B7 /* Project object */;
			proxyType = 1;
			remoteGlobalIDString = 1F63498F21F5F9C400F2A5B7;
			remoteInfo = Calculator;
		};
/* End PBXContainerItemProxy section */

/* Begin PBXFileReference section */
		1F3E4D2821F87A260075E6EF /* ViewController.swift */ = {isa = PBXFileReference; fileEncoding = 4; lastKnownFileType = sourcecode.swift; path = ViewController.swift; sourceTree = "<group>"; };
		1F3E4D2921F87A260075E6EF /* Assets.xcassets */ = {isa = PBXFileReference; lastKnownFileType = folder.assetcatalog; path = Assets.xcassets; sourceTree = "<group>"; };
		1F3E4D2B21F87A260075E6EF /* Base */ = {isa = PBXFileReference; lastKnownFileType = file.storyboard; name = Base; path = Base.lproj/LaunchScreen.storyboard; sourceTree = "<group>"; };
		1F3E4D2D21F87A260075E6EF /* Base */ = {isa = PBXFileReference; lastKnownFileType = file.storyboard; name = Base; path = Base.lproj/Main.storyboard; sourceTree = "<group>"; };
		1F3E4D2E21F87A260075E6EF /* AppDelegate.swift */ = {isa = PBXFileReference; fileEncoding = 4; lastKnownFileType = sourcecode.swift; path = AppDelegate.swift; sourceTree = "<group>"; };
		1F3E4D2F21F87A260075E6EF /* Info.plist */ = {isa = PBXFileReference; fileEncoding = 4; lastKnownFileType = text.plist.xml; path = Info.plist; sourceTree = "<group>"; };
		1F3E4D3121F87A260075E6EF /* CalculatorUITests.swift */ = {isa = PBXFileReference; fileEncoding = 4; lastKnownFileType = sourcecode.swift; path = CalculatorUITests.swift; sourceTree = "<group>"; };
		1F3E4D3221F87A260075E6EF /* Info.plist */ = {isa = PBXFileReference; fileEncoding = 4; lastKnownFileType = text.plist.xml; path = Info.plist; sourceTree = "<group>"; };
		1F3E4D3321F87A260075E6EF /* Calculator.xcodeproj */ = {isa = PBXFileReference; lastKnownFileType = "wrapper.pb-project"; path = Calculator.xcodeproj; sourceTree = "<group>"; };
		1F3E4D3721F87A260075E6EF /* CalculatorTests.swift */ = {isa = PBXFileReference; fileEncoding = 4; lastKnownFileType = sourcecode.swift; path = CalculatorTests.swift; sourceTree = "<group>"; };
		1F3E4D3821F87A260075E6EF /* Info.plist */ = {isa = PBXFileReference; fileEncoding = 4; lastKnownFileType = text.plist.xml; path = Info.plist; sourceTree = "<group>"; };
		1F63499021F5F9C400F2A5B7 /* Calculator.app */ = {isa = PBXFileReference; explicitFileType = wrapper.application; includeInIndex = 0; path = Calculator.app; sourceTree = BUILT_PRODUCTS_DIR; };
		1F63499321F5F9C400F2A5B7 /* AppDelegate.swift */ = {isa = PBXFileReference; lastKnownFileType = sourcecode.swift; path = AppDelegate.swift; sourceTree = "<group>"; };
		1F63499521F5F9C400F2A5B7 /* ViewController.swift */ = {isa = PBXFileReference; lastKnownFileType = sourcecode.swift; path = ViewController.swift; sourceTree = "<group>"; };
		1F63499821F5F9C400F2A5B7 /* Base */ = {isa = PBXFileReference; lastKnownFileType = file.storyboard; name = Base; path = Base.lproj/Main.storyboard; sourceTree = "<group>"; };
		1F63499A21F5F9C600F2A5B7 /* Assets.xcassets */ = {isa = PBXFileReference; lastKnownFileType = folder.assetcatalog; path = Assets.xcassets; sourceTree = "<group>"; };
		1F63499D21F5F9C600F2A5B7 /* Base */ = {isa = PBXFileReference; lastKnownFileType = file.storyboard; name = Base; path = Base.lproj/LaunchScreen.storyboard; sourceTree = "<group>"; };
		1F63499F21F5F9C600F2A5B7 /* Info.plist */ = {isa = PBXFileReference; lastKnownFileType = text.plist.xml; path = Info.plist; sourceTree = "<group>"; };
		1F6349A421F5F9C600F2A5B7 /* CalculatorTests.xctest */ = {isa = PBXFileReference; explicitFileType = wrapper.cfbundle; includeInIndex = 0; path = CalculatorTests.xctest; sourceTree = BUILT_PRODUCTS_DIR; };
		1F6349A821F5F9C600F2A5B7 /* CalculatorTests.swift */ = {isa = PBXFileReference; lastKnownFileType = sourcecode.swift; path = CalculatorTests.swift; sourceTree = "<group>"; };
		1F6349AA21F5F9C600F2A5B7 /* Info.plist */ = {isa = PBXFileReference; lastKnownFileType = text.plist.xml; path = Info.plist; sourceTree = "<group>"; };
		1F6349AF21F5F9C600F2A5B7 /* CalculatorUITests.xctest */ = {isa = PBXFileReference; explicitFileType = wrapper.cfbundle; includeInIndex = 0; path = CalculatorUITests.xctest; sourceTree = BUILT_PRODUCTS_DIR; };
		1F6349B321F5F9C600F2A5B7 /* CalculatorUITests.swift */ = {isa = PBXFileReference; lastKnownFileType = sourcecode.swift; path = CalculatorUITests.swift; sourceTree = "<group>"; };
		1F6349B521F5F9C600F2A5B7 /* Info.plist */ = {isa = PBXFileReference; lastKnownFileType = text.plist.xml; path = Info.plist; sourceTree = "<group>"; };
/* End PBXFileReference section */

/* Begin PBXFrameworksBuildPhase section */
		1F63498D21F5F9C400F2A5B7 /* Frameworks */ = {
			isa = PBXFrameworksBuildPhase;
			buildActionMask = 2147483647;
			files = (
			);
			runOnlyForDeploymentPostprocessing = 0;
		};
		1F6349A121F5F9C600F2A5B7 /* Frameworks */ = {
			isa = PBXFrameworksBuildPhase;
			buildActionMask = 2147483647;
			files = (
			);
			runOnlyForDeploymentPostprocessing = 0;
		};
		1F6349AC21F5F9C600F2A5B7 /* Frameworks */ = {
			isa = PBXFrameworksBuildPhase;
			buildActionMask = 2147483647;
			files = (
			);
			runOnlyForDeploymentPostprocessing = 0;
		};
/* End PBXFrameworksBuildPhase section */

/* Begin PBXGroup section */
		1F3E4D2621F87A260075E6EF /* Calculator */ = {
			isa = PBXGroup;
			children = (
				1F3E4D2721F87A260075E6EF /* Calculator */,
				1F3E4D3021F87A260075E6EF /* CalculatorUITests */,
				1F3E4D3321F87A260075E6EF /* Calculator.xcodeproj */,
				1F3E4D3621F87A260075E6EF /* CalculatorTests */,
			);
			name = Calculator;
			sourceTree = "<group>";
		};
		1F3E4D2721F87A260075E6EF /* Calculator */ = {
			isa = PBXGroup;
			children = (
				1F3E4D2821F87A260075E6EF /* ViewController.swift */,
				1F3E4D2921F87A260075E6EF /* Assets.xcassets */,
				1F3E4D2A21F87A260075E6EF /* LaunchScreen.storyboard */,
				1F3E4D2C21F87A260075E6EF /* Main.storyboard */,
				1F3E4D2E21F87A260075E6EF /* AppDelegate.swift */,
				1F3E4D2F21F87A260075E6EF /* Info.plist */,
			);
			path = Calculator;
			sourceTree = "<group>";
		};
		1F3E4D3021F87A260075E6EF /* CalculatorUITests */ = {
			isa = PBXGroup;
			children = (
				1F3E4D3121F87A260075E6EF /* CalculatorUITests.swift */,
				1F3E4D3221F87A260075E6EF /* Info.plist */,
			);
			path = CalculatorUITests;
			sourceTree = "<group>";
		};
		1F3E4D3421F87A260075E6EF /* Products */ = {
			isa = PBXGroup;
			name = Products;
			sourceTree = "<group>";
		};
		1F3E4D3621F87A260075E6EF /* CalculatorTests */ = {
			isa = PBXGroup;
			children = (
				1F3E4D3721F87A260075E6EF /* CalculatorTests.swift */,
				1F3E4D3821F87A260075E6EF /* Info.plist */,
			);
			path = CalculatorTests;
			sourceTree = "<group>";
		};
		1F63498721F5F9C400F2A5B7 = {
			isa = PBXGroup;
			children = (
				1F63499221F5F9C400F2A5B7 /* Calculator */,
				1F3E4D2621F87A260075E6EF /* Calculator */,
				1F6349A721F5F9C600F2A5B7 /* CalculatorTests */,
				1F6349B221F5F9C600F2A5B7 /* CalculatorUITests */,
				1F63499121F5F9C400F2A5B7 /* Products */,
			);
			sourceTree = "<group>";
		};
		1F63499121F5F9C400F2A5B7 /* Products */ = {
			isa = PBXGroup;
			children = (
				1F63499021F5F9C400F2A5B7 /* Calculator.app */,
				1F6349A421F5F9C600F2A5B7 /* CalculatorTests.xctest */,
				1F6349AF21F5F9C600F2A5B7 /* CalculatorUITests.xctest */,
			);
			name = Products;
			sourceTree = "<group>";
		};
		1F63499221F5F9C400F2A5B7 /* Calculator */ = {
			isa = PBXGroup;
			children = (
				1F63499321F5F9C400F2A5B7 /* AppDelegate.swift */,
				1F63499521F5F9C400F2A5B7 /* ViewController.swift */,
				1F63499721F5F9C400F2A5B7 /* Main.storyboard */,
				1F63499A21F5F9C600F2A5B7 /* Assets.xcassets */,
				1F63499C21F5F9C600F2A5B7 /* LaunchScreen.storyboard */,
				1F63499F21F5F9C600F2A5B7 /* Info.plist */,
			);
			path = Calculator;
			sourceTree = "<group>";
		};
		1F6349A721F5F9C600F2A5B7 /* CalculatorTests */ = {
			isa = PBXGroup;
			children = (
				1F6349A821F5F9C600F2A5B7 /* CalculatorTests.swift */,
				1F6349AA21F5F9C600F2A5B7 /* Info.plist */,
			);
			path = CalculatorTests;
			sourceTree = "<group>";
		};
		1F6349B221F5F9C600F2A5B7 /* CalculatorUITests */ = {
			isa = PBXGroup;
			children = (
				1F6349B321F5F9C600F2A5B7 /* CalculatorUITests.swift */,
				1F6349B521F5F9C600F2A5B7 /* Info.plist */,
			);
			path = CalculatorUITests;
			sourceTree = "<group>";
		};
/* End PBXGroup section */

/* Begin PBXNativeTarget section */
		1F63498F21F5F9C400F2A5B7 /* Calculator */ = {
			isa = PBXNativeTarget;
			buildConfigurationList = 1F6349B821F5F9C600F2A5B7 /* Build configuration list for PBXNativeTarget "Calculator" */;
			buildPhases = (
				1F63498C21F5F9C400F2A5B7 /* Sources */,
				1F63498D21F5F9C400F2A5B7 /* Frameworks */,
				1F63498E21F5F9C400F2A5B7 /* Resources */,
			);
			buildRules = (
			);
			dependencies = (
			);
			name = Calculator;
			productName = Calculator;
			productReference = 1F63499021F5F9C400F2A5B7 /* Calculator.app */;
			productType = "com.apple.product-type.application";
		};
		1F6349A321F5F9C600F2A5B7 /* CalculatorTests */ = {
			isa = PBXNativeTarget;
			buildConfigurationList = 1F6349BB21F5F9C600F2A5B7 /* Build configuration list for PBXNativeTarget "CalculatorTests" */;
			buildPhases = (
				1F6349A021F5F9C600F2A5B7 /* Sources */,
				1F6349A121F5F9C600F2A5B7 /* Frameworks */,
				1F6349A221F5F9C600F2A5B7 /* Resources */,
			);
			buildRules = (
			);
			dependencies = (
				1F6349A621F5F9C600F2A5B7 /* PBXTargetDependency */,
			);
			name = CalculatorTests;
			productName = CalculatorTests;
			productReference = 1F6349A421F5F9C600F2A5B7 /* CalculatorTests.xctest */;
			productType = "com.apple.product-type.bundle.unit-test";
		};
		1F6349AE21F5F9C600F2A5B7 /* CalculatorUITests */ = {
			isa = PBXNativeTarget;
			buildConfigurationList = 1F6349BE21F5F9C600F2A5B7 /* Build configuration list for PBXNativeTarget "CalculatorUITests" */;
			buildPhases = (
				1F6349AB21F5F9C600F2A5B7 /* Sources */,
				1F6349AC21F5F9C600F2A5B7 /* Frameworks */,
				1F6349AD21F5F9C600F2A5B7 /* Resources */,
			);
			buildRules = (
			);
			dependencies = (
				1F6349B121F5F9C600F2A5B7 /* PBXTargetDependency */,
			);
			name = CalculatorUITests;
			productName = CalculatorUITests;
			productReference = 1F6349AF21F5F9C600F2A5B7 /* CalculatorUITests.xctest */;
			productType = "com.apple.product-type.bundle.ui-testing";
		};
/* End PBXNativeTarget section */

/* Begin PBXProject section */
		1F63498821F5F9C400F2A5B7 /* Project object */ = {
			isa = PBXProject;
			attributes = {
				LastSwiftUpdateCheck = 1010;
				LastUpgradeCheck = 1010;
				ORGANIZATIONNAME = "Tom Belov";
				TargetAttributes = {
					1F63498F21F5F9C400F2A5B7 = {
						CreatedOnToolsVersion = 10.1;
					};
					1F6349A321F5F9C600F2A5B7 = {
						CreatedOnToolsVersion = 10.1;
						TestTargetID = 1F63498F21F5F9C400F2A5B7;
					};
					1F6349AE21F5F9C600F2A5B7 = {
						CreatedOnToolsVersion = 10.1;
						TestTargetID = 1F63498F21F5F9C400F2A5B7;
					};
				};
			};
			buildConfigurationList = 1F63498B21F5F9C400F2A5B7 /* Build configuration list for PBXProject "Calculator" */;
			compatibilityVersion = "Xcode 9.3";
			developmentRegion = en;
			hasScannedForEncodings = 0;
			knownRegions = (
				en,
				Base,
			);
			mainGroup = 1F63498721F5F9C400F2A5B7;
			productRefGroup = 1F63499121F5F9C400F2A5B7 /* Products */;
			projectDirPath = "";
			projectReferences = (
				{
					ProductGroup = 1F3E4D3421F87A260075E6EF /* Products */;
					ProjectRef = 1F3E4D3321F87A260075E6EF /* Calculator.xcodeproj */;
				},
			);
			projectRoot = "";
			targets = (
				1F63498F21F5F9C400F2A5B7 /* Calculator */,
				1F6349A321F5F9C600F2A5B7 /* CalculatorTests */,
				1F6349AE21F5F9C600F2A5B7 /* CalculatorUITests */,
			);
		};
/* End PBXProject section */

/* Begin PBXResourcesBuildPhase section */
		1F63498E21F5F9C400F2A5B7 /* Resources */ = {
			isa = PBXResourcesBuildPhase;
			buildActionMask = 2147483647;
			files = (
				1F3E4D4021F87A260075E6EF /* Info.plist in Resources */,
				1F63499E21F5F9C600F2A5B7 /* LaunchScreen.storyboard in Resources */,
				1F3E4D4221F87A260075E6EF /* Info.plist in Resources */,
				1F63499B21F5F9C600F2A5B7 /* Assets.xcassets in Resources */,
				1F3E4D3A21F87A260075E6EF /* Assets.xcassets in Resources */,
				1F3E4D3C21F87A260075E6EF /* Main.storyboard in Resources */,
				1F3E4D3B21F87A260075E6EF /* LaunchScreen.storyboard in Resources */,
				1F63499921F5F9C400F2A5B7 /* Main.storyboard in Resources */,
				1F3E4D3E21F87A260075E6EF /* Info.plist in Resources */,
			);
			runOnlyForDeploymentPostprocessing = 0;
		};
		1F6349A221F5F9C600F2A5B7 /* Resources */ = {
			isa = PBXResourcesBuildPhase;
			buildActionMask = 2147483647;
			files = (
			);
			runOnlyForDeploymentPostprocessing = 0;
		};
		1F6349AD21F5F9C600F2A5B7 /* Resources */ = {
			isa = PBXResourcesBuildPhase;
			buildActionMask = 2147483647;
			files = (
			);
			runOnlyForDeploymentPostprocessing = 0;
		};
/* End PBXResourcesBuildPhase section */

/* Begin PBXSourcesBuildPhase section */
		1F63498C21F5F9C400F2A5B7 /* Sources */ = {
			isa = PBXSourcesBuildPhase;
			buildActionMask = 2147483647;
			files = (
				1F3E4D3D21F87A260075E6EF /* AppDelegate.swift in Sources */,
				1F3E4D4121F87A260075E6EF /* CalculatorTests.swift in Sources */,
				1F3E4D3921F87A260075E6EF /* ViewController.swift in Sources */,
				1F63499621F5F9C400F2A5B7 /* ViewController.swift in Sources */,
				1F63499421F5F9C400F2A5B7 /* AppDelegate.swift in Sources */,
				1F3E4D3F21F87A260075E6EF /* CalculatorUITests.swift in Sources */,
			);
			runOnlyForDeploymentPostprocessing = 0;
		};
		1F6349A021F5F9C600F2A5B7 /* Sources */ = {
			isa = PBXSourcesBuildPhase;
			buildActionMask = 2147483647;
			files = (
				1F6349A921F5F9C600F2A5B7 /* CalculatorTests.swift in Sources */,
			);
			runOnlyForDeploymentPostprocessing = 0;
		};
		1F6349AB21F5F9C600F2A5B7 /* Sources */ = {
			isa = PBXSourcesBuildPhase;
			buildActionMask = 2147483647;
			files = (
				1F6349B421F5F9C600F2A5B7 /* CalculatorUITests.swift in Sources */,
			);
			runOnlyForDeploymentPostprocessing = 0;
		};
/* End PBXSourcesBuildPhase section */

/* Begin PBXTargetDependency section */
		1F6349A621F5F9C600F2A5B7 /* PBXTargetDependency */ = {
			isa = PBXTargetDependency;
			target = 1F63498F21F5F9C400F2A5B7 /* Calculator */;
			targetProxy = 1F6349A521F5F9C600F2A5B7 /* PBXContainerItemProxy */;
		};
		1F6349B121F5F9C600F2A5B7 /* PBXTargetDependency */ = {
			isa = PBXTargetDependency;
			target = 1F63498F21F5F9C400F2A5B7 /* Calculator */;
			targetProxy = 1F6349B021F5F9C600F2A5B7 /* PBXContainerItemProxy */;
		};
/* End PBXTargetDependency section */

/* Begin PBXVariantGroup section */
		1F3E4D2A21F87A260075E6EF /* LaunchScreen.storyboard */ = {
			isa = PBXVariantGroup;
			children = (
				1F3E4D2B21F87A260075E6EF /* Base */,
			);
			name = LaunchScreen.storyboard;
			sourceTree = "<group>";
		};
		1F3E4D2C21F87A260075E6EF /* Main.storyboard */ = {
			isa = PBXVariantGroup;
			children = (
				1F3E4D2D21F87A260075E6EF /* Base */,
			);
			name = Main.storyboard;
			sourceTree = "<group>";
		};
		1F63499721F5F9C400F2A5B7 /* Main.storyboard */ = {
			isa = PBXVariantGroup;
			children = (
				1F63499821F5F9C400F2A5B7 /* Base */,
			);
			name = Main.storyboard;
			sourceTree = "<group>";
		};
		1F63499C21F5F9C600F2A5B7 /* LaunchScreen.storyboard */ = {
			isa = PBXVariantGroup;
			children = (
				1F63499D21F5F9C600F2A5B7 /* Base */,
			);
			name = LaunchScreen.storyboard;
			sourceTree = "<group>";
		};
/* End PBXVariantGroup section */

/* Begin XCBuildConfiguration section */
		1F6349B621F5F9C600F2A5B7 /* Debug */ = {
			isa = XCBuildConfiguration;
			buildSettings = {
				ALWAYS_SEARCH_USER_PATHS = NO;
				CLANG_ANALYZER_NONNULL = YES;
				CLANG_ANALYZER_NUMBER_OBJECT_CONVERSION = YES_AGGRESSIVE;
				CLANG_CXX_LANGUAGE_STANDARD = "gnu++14";
				CLANG_CXX_LIBRARY = "libc++";
				CLANG_ENABLE_MODULES = YES;
				CLANG_ENABLE_OBJC_ARC = YES;
				CLANG_ENABLE_OBJC_WEAK = YES;
				CLANG_WARN_BLOCK_CAPTURE_AUTORELEASING = YES;
				CLANG_WARN_BOOL_CONVERSION = YES;
				CLANG_WARN_COMMA = YES;
				CLANG_WARN_CONSTANT_CONVERSION = YES;
				CLANG_WARN_DEPRECATED_OBJC_IMPLEMENTATIONS = YES;
				CLANG_WARN_DIRECT_OBJC_ISA_USAGE = YES_ERROR;
				CLANG_WARN_DOCUMENTATION_COMMENTS = YES;
				CLANG_WARN_EMPTY_BODY = YES;
				CLANG_WARN_ENUM_CONVERSION = YES;
				CLANG_WARN_INFINITE_RECURSION = YES;
				CLANG_WARN_INT_CONVERSION = YES;
				CLANG_WARN_NON_LITERAL_NULL_CONVERSION = YES;
				CLANG_WARN_OBJC_IMPLICIT_RETAIN_SELF = YES;
				CLANG_WARN_OBJC_LITERAL_CONVERSION = YES;
				CLANG_WARN_OBJC_ROOT_CLASS = YES_ERROR;
				CLANG_WARN_RANGE_LOOP_ANALYSIS = YES;
				CLANG_WARN_STRICT_PROTOTYPES = YES;
				CLANG_WARN_SUSPICIOUS_MOVE = YES;
				CLANG_WARN_UNGUARDED_AVAILABILITY = YES_AGGRESSIVE;
				CLANG_WARN_UNREACHABLE_CODE = YES;
				CLANG_WARN__DUPLICATE_METHOD_MATCH = YES;
				CODE_SIGN_IDENTITY = "iPhone Developer";
				COPY_PHASE_STRIP = NO;
				DEBUG_INFORMATION_FORMAT = dwarf;
				ENABLE_STRICT_OBJC_MSGSEND = YES;
				ENABLE_TESTABILITY = YES;
				GCC_C_LANGUAGE_STANDARD = gnu11;
				GCC_DYNAMIC_NO_PIC = NO;
				GCC_NO_COMMON_BLOCKS = YES;
				GCC_OPTIMIZATION_LEVEL = 0;
				GCC_PREPROCESSOR_DEFINITIONS = (
					"DEBUG=1",
					"$(inherited)",
				);
				GCC_WARN_64_TO_32_BIT_CONVERSION = YES;
				GCC_WARN_ABOUT_RETURN_TYPE = YES_ERROR;
				GCC_WARN_UNDECLARED_SELECTOR = YES;
				GCC_WARN_UNINITIALIZED_AUTOS = YES_AGGRESSIVE;
				GCC_WARN_UNUSED_FUNCTION = YES;
				GCC_WARN_UNUSED_VARIABLE = YES;
				IPHONEOS_DEPLOYMENT_TARGET = 12.1;
				MTL_ENABLE_DEBUG_INFO = INCLUDE_SOURCE;
				MTL_FAST_MATH = YES;
				ONLY_ACTIVE_ARCH = YES;
				SDKROOT = iphoneos;
				SWIFT_ACTIVE_COMPILATION_CONDITIONS = DEBUG;
				SWIFT_OPTIMIZATION_LEVEL = "-Onone";
			};
			name = Debug;
		};
		1F6349B721F5F9C600F2A5B7 /* Release */ = {
			isa = XCBuildConfiguration;
			buildSettings = {
				ALWAYS_SEARCH_USER_PATHS = NO;
				CLANG_ANALYZER_NONNULL = YES;
				CLANG_ANALYZER_NUMBER_OBJECT_CONVERSION = YES_AGGRESSIVE;
				CLANG_CXX_LANGUAGE_STANDARD = "gnu++14";
				CLANG_CXX_LIBRARY = "libc++";
				CLANG_ENABLE_MODULES = YES;
				CLANG_ENABLE_OBJC_ARC = YES;
				CLANG_ENABLE_OBJC_WEAK = YES;
				CLANG_WARN_BLOCK_CAPTURE_AUTORELEASING = YES;
				CLANG_WARN_BOOL_CONVERSION = YES;
				CLANG_WARN_COMMA = YES;
				CLANG_WARN_CONSTANT_CONVERSION = YES;
				CLANG_WARN_DEPRECATED_OBJC_IMPLEMENTATIONS = YES;
				CLANG_WARN_DIRECT_OBJC_ISA_USAGE = YES_ERROR;
				CLANG_WARN_DOCUMENTATION_COMMENTS = YES;
				CLANG_WARN_EMPTY_BODY = YES;
				CLANG_WARN_ENUM_CONVERSION = YES;
				CLANG_WARN_INFINITE_RECURSION = YES;
				CLANG_WARN_INT_CONVERSION = YES;
				CLANG_WARN_NON_LITERAL_NULL_CONVERSION = YES;
				CLANG_WARN_OBJC_IMPLICIT_RETAIN_SELF = YES;
				CLANG_WARN_OBJC_LITERAL_CONVERSION = YES;
				CLANG_WARN_OBJC_ROOT_CLASS = YES_ERROR;
				CLANG_WARN_RANGE_LOOP_ANALYSIS = YES;
				CLANG_WARN_STRICT_PROTOTYPES = YES;
				CLANG_WARN_SUSPICIOUS_MOVE = YES;
				CLANG_WARN_UNGUARDED_AVAILABILITY = YES_AGGRESSIVE;
				CLANG_WARN_UNREACHABLE_CODE = YES;
				CLANG_WARN__DUPLICATE_METHOD_MATCH = YES;
				CODE_SIGN_IDENTITY = "iPhone Developer";
				COPY_PHASE_STRIP = NO;
				DEBUG_INFORMATION_FORMAT = "dwarf-with-dsym";
				ENABLE_NS_ASSERTIONS = NO;
				ENABLE_STRICT_OBJC_MSGSEND = YES;
				GCC_C_LANGUAGE_STANDARD = gnu11;
				GCC_NO_COMMON_BLOCKS = YES;
				GCC_WARN_64_TO_32_BIT_CONVERSION = YES;
				GCC_WARN_ABOUT_RETURN_TYPE = YES_ERROR;
				GCC_WARN_UNDECLARED_SELECTOR = YES;
				GCC_WARN_UNINITIALIZED_AUTOS = YES_AGGRESSIVE;
				GCC_WARN_UNUSED_FUNCTION = YES;
				GCC_WARN_UNUSED_VARIABLE = YES;
				IPHONEOS_DEPLOYMENT_TARGET = 12.1;
				MTL_ENABLE_DEBUG_INFO = NO;
				MTL_FAST_MATH = YES;
				SDKROOT = iphoneos;
				SWIFT_COMPILATION_MODE = wholemodule;
				SWIFT_OPTIMIZATION_LEVEL = "-O";
				VALIDATE_PRODUCT = YES;
			};
			name = Release;
		};
		1F6349B921F5F9C600F2A5B7 /* Debug */ = {
			isa = XCBuildConfiguration;
			buildSettings = {
				ASSETCATALOG_COMPILER_APPICON_NAME = AppIcon;
				CODE_SIGN_STYLE = Automatic;
				DEVELOPMENT_TEAM = 5M6NNRGL8Y;
				INFOPLIST_FILE = Calculator/Info.plist;
				IPHONEOS_DEPLOYMENT_TARGET = 11.0;
				LD_RUNPATH_SEARCH_PATHS = (
					"$(inherited)",
					"@executable_path/Frameworks",
				);
				PRODUCT_BUNDLE_IDENTIFIER = com.tombelov.Calculator;
				PRODUCT_NAME = "$(TARGET_NAME)";
				SWIFT_VERSION = 4.2;
				TARGETED_DEVICE_FAMILY = "1,2";
			};
			name = Debug;
		};
		1F6349BA21F5F9C600F2A5B7 /* Release */ = {
			isa = XCBuildConfiguration;
			buildSettings = {
				ASSETCATALOG_COMPILER_APPICON_NAME = AppIcon;
				CODE_SIGN_STYLE = Automatic;
				DEVELOPMENT_TEAM = 5M6NNRGL8Y;
				INFOPLIST_FILE = Calculator/Info.plist;
				IPHONEOS_DEPLOYMENT_TARGET = 11.0;
				LD_RUNPATH_SEARCH_PATHS = (
					"$(inherited)",
					"@executable_path/Frameworks",
				);
				PRODUCT_BUNDLE_IDENTIFIER = com.tombelov.Calculator;
				PRODUCT_NAME = "$(TARGET_NAME)";
				SWIFT_VERSION = 4.2;
				TARGETED_DEVICE_FAMILY = "1,2";
			};
			name = Release;
		};
		1F6349BC21F5F9C600F2A5B7 /* Debug */ = {
			isa = XCBuildConfiguration;
			buildSettings = {
				ALWAYS_EMBED_SWIFT_STANDARD_LIBRARIES = YES;
				BUNDLE_LOADER = "$(TEST_HOST)";
				CODE_SIGN_STYLE = Automatic;
				DEVELOPMENT_TEAM = 5M6NNRGL8Y;
				INFOPLIST_FILE = CalculatorTests/Info.plist;
				LD_RUNPATH_SEARCH_PATHS = (
					"$(inherited)",
					"@executable_path/Frameworks",
					"@loader_path/Frameworks",
				);
				PRODUCT_BUNDLE_IDENTIFIER = com.tombelov.CalculatorTests;
				PRODUCT_NAME = "$(TARGET_NAME)";
				SWIFT_VERSION = 4.2;
				TARGETED_DEVICE_FAMILY = "1,2";
				TEST_HOST = "$(BUILT_PRODUCTS_DIR)/Calculator.app/Calculator";
			};
			name = Debug;
		};
		1F6349BD21F5F9C600F2A5B7 /* Release */ = {
			isa = XCBuildConfiguration;
			buildSettings = {
				ALWAYS_EMBED_SWIFT_STANDARD_LIBRARIES = YES;
				BUNDLE_LOADER = "$(TEST_HOST)";
				CODE_SIGN_STYLE = Automatic;
				DEVELOPMENT_TEAM = 5M6NNRGL8Y;
				INFOPLIST_FILE = CalculatorTests/Info.plist;
				LD_RUNPATH_SEARCH_PATHS = (
					"$(inherited)",
					"@executable_path/Frameworks",
					"@loader_path/Frameworks",
				);
				PRODUCT_BUNDLE_IDENTIFIER = com.tombelov.CalculatorTests;
				PRODUCT_NAME = "$(TARGET_NAME)";
				SWIFT_VERSION = 4.2;
				TARGETED_DEVICE_FAMILY = "1,2";
				TEST_HOST = "$(BUILT_PRODUCTS_DIR)/Calculator.app/Calculator";
			};
			name = Release;
		};
		1F6349BF21F5F9C600F2A5B7 /* Debug */ = {
			isa = XCBuildConfiguration;
			buildSettings = {
				ALWAYS_EMBED_SWIFT_STANDARD_LIBRARIES = YES;
				CODE_SIGN_STYLE = Automatic;
				DEVELOPMENT_TEAM = 5M6NNRGL8Y;
				INFOPLIST_FILE = CalculatorUITests/Info.plist;
				LD_RUNPATH_SEARCH_PATHS = (
					"$(inherited)",
					"@executable_path/Frameworks",
					"@loader_path/Frameworks",
				);
				PRODUCT_BUNDLE_IDENTIFIER = com.tombelov.CalculatorUITests;
				PRODUCT_NAME = "$(TARGET_NAME)";
				SWIFT_VERSION = 4.2;
				TARGETED_DEVICE_FAMILY = "1,2";
				TEST_TARGET_NAME = Calculator;
			};
			name = Debug;
		};
		1F6349C021F5F9C600F2A5B7 /* Release */ = {
			isa = XCBuildConfiguration;
			buildSettings = {
				ALWAYS_EMBED_SWIFT_STANDARD_LIBRARIES = YES;
				CODE_SIGN_STYLE = Automatic;
				DEVELOPMENT_TEAM = 5M6NNRGL8Y;
				INFOPLIST_FILE = CalculatorUITests/Info.plist;
				LD_RUNPATH_SEARCH_PATHS = (
					"$(inherited)",
					"@executable_path/Frameworks",
					"@loader_path/Frameworks",
				);
				PRODUCT_BUNDLE_IDENTIFIER = com.tombelov.CalculatorUITests;
				PRODUCT_NAME = "$(TARGET_NAME)";
				SWIFT_VERSION = 4.2;
				TARGETED_DEVICE_FAMILY = "1,2";
				TEST_TARGET_NAME = Calculator;
			};
			name = Release;
		};
/* End XCBuildConfiguration section */

/* Begin XCConfigurationList section */
		1F63498B21F5F9C400F2A5B7 /* Build configuration list for PBXProject "Calculator" */ = {
			isa = XCConfigurationList;
			buildConfigurations = (
				1F6349B621F5F9C600F2A5B7 /* Debug */,
				1F6349B721F5F9C600F2A5B7 /* Release */,
			);
			defaultConfigurationIsVisible = 0;
			defaultConfigurationName = Release;
		};
		1F6349B821F5F9C600F2A5B7 /* Build configuration list for PBXNativeTarget "Calculator" */ = {
			isa = XCConfigurationList;
			buildConfigurations = (
				1F6349B921F5F9C600F2A5B7 /* Debug */,
				1F6349BA21F5F9C600F2A5B7 /* Release */,
			);
			defaultConfigurationIsVisible = 0;
			defaultConfigurationName = Release;
		};
		1F6349BB21F5F9C600F2A5B7 /* Build configuration list for PBXNativeTarget "CalculatorTests" */ = {
			isa = XCConfigurationList;
			buildConfigurations = (
				1F6349BC21F5F9C600F2A5B7 /* Debug */,
				1F6349BD21F5F9C600F2A5B7 /* Release */,
			);
			defaultConfigurationIsVisible = 0;
			defaultConfigurationName = Release;
		};
		1F6349BE21F5F9C600F2A5B7 /* Build configuration list for PBXNativeTarget "CalculatorUITests" */ = {
			isa = XCConfigurationList;
			buildConfigurations = (
				1F6349BF21F5F9C600F2A5B7 /* Debug */,
				1F6349C021F5F9C600F2A5B7 /* Release */,
			);
			defaultConfigurationIsVisible = 0;
			defaultConfigurationName = Release;
		};
/* End XCConfigurationList section */
	};
	rootObject = 1F63498821F5F9C400F2A5B7 /* Project object */;
}
